
Microsoft Visual Studio Solution File, Format Version 12.00
# Visual Studio 15
VisualStudioVersion = 15.0.27004.2002
MinimumVisualStudioVersion = 10.0.40219.1
Project("{9A19103F-16F7-4668-BE54-9A1E7A4F7556}") = "DiscoverYourHospital.API", "DiscoverYourHospital.API.csproj", "{C3707312-D7F1-4138-9116-67C867E3035C}"
EndProject
Global
	GlobalSection(SolutionConfigurationPlatforms) = preSolution
		Debug|Any CPU = Debug|Any CPU
		Release|Any CPU = Release|Any CPU
	EndGlobalSection
	GlobalSection(ProjectConfigurationPlatforms) = postSolution
		{C3707312-D7F1-4138-9116-67C867E3035C}.Debug|Any CPU.ActiveCfg = Debug|Any CPU
		{C3707312-D7F1-4138-9116-67C867E3035C}.Debug|Any CPU.Build.0 = Debug|Any CPU
		{C3707312-D7F1-4138-9116-67C867E3035C}.Release|Any CPU.ActiveCfg = Release|Any CPU
		{C3707312-D7F1-4138-9116-67C867E3035C}.Release|Any CPU.Build.0 = Release|Any CPU
	EndGlobalSection
	GlobalSection(SolutionProperties) = preSolution
		HideSolutionNode = FALSE
	EndGlobalSection
	GlobalSection(ExtensibilityGlobals) = postSolution
		SolutionGuid = {BFD830AE-4A5C-4CFB-AA03-3F292B7A079F}
	EndGlobalSection
EndGlobal
